PODS:
  - AFNetworking (2.2.4):
    - AFNetworking/NSURLConnection (= 2.2.4)
    - AFNetworking/NSURLSession (= 2.2.4)
    - AFNetworking/Reachability (= 2.2.4)
    - AFNetworking/Security (= 2.2.4)
    - AFNetworking/Serialization (= 2.2.4)
    - AFNetworking/UIKit (= 2.2.4)
  - AFNetworking/NSURLConnection (2.2.4):
    - AFNetworking/Reachability
    - AFNetworking/Security
    - AFNetworking/Serialization
  - AFNetworking/NSURLSession (2.2.4):
    - AFNetworking/NSURLConnection
  - AFNetworking/Reachability (2.2.4)
  - AFNetworking/Security (2.2.4)
  - AFNetworking/Serialization (2.2.4)
  - AFNetworking/UIKit (2.2.4):
    - AFNetworking/NSURLConnection
    - AFNetworking/NSURLSession
  - Keys (1.0.0)
  - KISSmetrics-iOS-SDK (2.3.0)
  - SDWebImage (3.7.1):
    - SDWebImage/Core (= 3.7.1)
  - SDWebImage/Core (3.7.1)

DEPENDENCIES:
  - AFNetworking
  - Keys (from `Pods/CocoaPodsKeys`)
  - KISSmetrics-iOS-SDK (from `https://github.com/peteoleary/KISSmetrics-iOS-SDK.git`)
  - SDWebImage (~> 3.6)

EXTERNAL SOURCES:
  Keys:
    :path: Pods/CocoaPodsKeys
  KISSmetrics-iOS-SDK:
    :git: https://github.com/peteoleary/KISSmetrics-iOS-SDK.git

CHECKOUT OPTIONS:
  KISSmetrics-iOS-SDK:
    :commit: d8f7315121574f325015e7df0dd8016ab2d27b13
    :git: https://github.com/peteoleary/KISSmetrics-iOS-SDK.git

SPEC CHECKSUMS:
  AFNetworking: caca0799b310f0c3bf1fc1af45145fc96972bcab
  Keys: 9c35bf00f612ee1d48556f4a4b9b4551e224e90f
  KISSmetrics-iOS-SDK: 8217d5fe1c3863816fc8c538bca0da1973f21f3c
  SDWebImage: ed3095af2ff88b436426037444979b917f6c5575

PODFILE CHECKSUM: 1e70acb4bbe754c6ecf81418470c4b89356637ce

COCOAPODS: 1.1.1
